// !$*UTF8*$!
{
	archiveVersion = 1;
	classes = {
	};
	objectVersion = 50;
	objects = {

/* Begin PBXBuildFile section */
		D0EAC91F20ADA1A60032B431 /* AppDelegate.swift in Sources */ = {isa = PBXBuildFile; fileRef = D0EAC91E20ADA1A60032B431 /* AppDelegate.swift */; };
		D0EAC92420ADA1A60032B431 /* Main.storyboard in Resources */ = {isa = PBXBuildFile; fileRef = D0EAC92220ADA1A60032B431 /* Main.storyboard */; };
		D0EAC92720ADA1A60032B431 /* Repertoire_d_entreprise.xcdatamodeld in Sources */ = {isa = PBXBuildFile; fileRef = D0EAC92520ADA1A60032B431 /* Repertoire_d_entreprise.xcdatamodeld */; };
		D0EAC92920ADA1A70032B431 /* Assets.xcassets in Resources */ = {isa = PBXBuildFile; fileRef = D0EAC92820ADA1A70032B431 /* Assets.xcassets */; };
		D0EAC92C20ADA1A70032B431 /* LaunchScreen.storyboard in Resources */ = {isa = PBXBuildFile; fileRef = D0EAC92A20ADA1A70032B431 /* LaunchScreen.storyboard */; };
		D0EAC93820B420BB0032B431 /* AjoutController.swift in Sources */ = {isa = PBXBuildFile; fileRef = D0EAC93720B420BB0032B431 /* AjoutController.swift */; };
		D0EAC93A20B4277F0032B431 /* ImageArrondie.swift in Sources */ = {isa = PBXBuildFile; fileRef = D0EAC93920B4277F0032B431 /* ImageArrondie.swift */; };
		D0EAC93C20B428AA0032B431 /* BoutonArrondi.swift in Sources */ = {isa = PBXBuildFile; fileRef = D0EAC93B20B428AA0032B431 /* BoutonArrondi.swift */; };
/* End PBXBuildFile section */

/* Begin PBXFileReference section */
		D0EAC91B20ADA1A60032B431 /* Repertoire d'entreprise.app */ = {isa = PBXFileReference; explicitFileType = wrapper.application; includeInIndex = 0; path = "Repertoire d'entreprise.app"; sourceTree = BUILT_PRODUCTS_DIR; };
		D0EAC91E20ADA1A60032B431 /* AppDelegate.swift */ = {isa = PBXFileReference; lastKnownFileType = sourcecode.swift; path = AppDelegate.swift; sourceTree = "<group>"; };
		D0EAC92320ADA1A60032B431 /* Base */ = {isa = PBXFileReference; lastKnownFileType = file.storyboard; name = Base; path = Base.lproj/Main.storyboard; sourceTree = "<group>"; };
		D0EAC92620ADA1A60032B431 /* Repertoire_d_entreprise.xcdatamodel */ = {isa = PBXFileReference; lastKnownFileType = wrapper.xcdatamodel; path = Repertoire_d_entreprise.xcdatamodel; sourceTree = "<group>"; };
		D0EAC92820ADA1A70032B431 /* Assets.xcassets */ = {isa = PBXFileReference; lastKnownFileType = folder.assetcatalog; path = Assets.xcassets; sourceTree = "<group>"; };
		D0EAC92B20ADA1A70032B431 /* Base */ = {isa = PBXFileReference; lastKnownFileType = file.storyboard; name = Base; path = Base.lproj/LaunchScreen.storyboard; sourceTree = "<group>"; };
		D0EAC92D20ADA1A70032B431 /* Info.plist */ = {isa = PBXFileReference; lastKnownFileType = text.plist.xml; path = Info.plist; sourceTree = "<group>"; };
		D0EAC93720B420BB0032B431 /* AjoutController.swift */ = {isa = PBXFileReference; lastKnownFileType = sourcecode.swift; path = AjoutController.swift; sourceTree = "<group>"; };
		D0EAC93920B4277F0032B431 /* ImageArrondie.swift */ = {isa = PBXFileReference; lastKnownFileType = sourcecode.swift; path = ImageArrondie.swift; sourceTree = "<group>"; };
		D0EAC93B20B428AA0032B431 /* BoutonArrondi.swift */ = {isa = PBXFileReference; lastKnownFileType = sourcecode.swift; path = BoutonArrondi.swift; sourceTree = "<group>"; };
/* End PBXFileReference section */

/* Begin PBXFrameworksBuildPhase section */
		D0EAC91820ADA1A60032B431 /* Frameworks */ = {
			isa = PBXFrameworksBuildPhase;
			buildActionMask = 2147483647;
			files = (
			);
			runOnlyForDeploymentPostprocessing = 0;
		};
/* End PBXFrameworksBuildPhase section */

/* Begin PBXGroup section */
		D0EAC91220ADA1A60032B431 = {
			isa = PBXGroup;
			children = (
				D0EAC91D20ADA1A60032B431 /* Repertoire d'entreprise */,
				D0EAC91C20ADA1A60032B431 /* Products */,
			);
			sourceTree = "<group>";
		};
		D0EAC91C20ADA1A60032B431 /* Products */ = {
			isa = PBXGroup;
			children = (
				D0EAC91B20ADA1A60032B431 /* Repertoire d'entreprise.app */,
			);
			name = Products;
			sourceTree = "<group>";
		};
		D0EAC91D20ADA1A60032B431 /* Repertoire d'entreprise */ = {
			isa = PBXGroup;
			children = (
				D0EAC93520ADA1FE0032B431 /* Model */,
				D0EAC93420ADA1F50032B431 /* View */,
				D0EAC93320ADA1ED0032B431 /* Controller */,
				D0EAC93620ADA2130032B431 /* Storyboard */,
				D0EAC91E20ADA1A60032B431 /* AppDelegate.swift */,
				D0EAC92820ADA1A70032B431 /* Assets.xcassets */,
				D0EAC92D20ADA1A70032B431 /* Info.plist */,
			);
			path = "Repertoire d'entreprise";
			sourceTree = "<group>";
		};
		D0EAC93320ADA1ED0032B431 /* Controller */ = {
			isa = PBXGroup;
			children = (
				D0EAC93720B420BB0032B431 /* AjoutController.swift */,
			);
			path = Controller;
			sourceTree = "<group>";
		};
		D0EAC93420ADA1F50032B431 /* View */ = {
			isa = PBXGroup;
			children = (
				D0EAC93920B4277F0032B431 /* ImageArrondie.swift */,
				D0EAC93B20B428AA0032B431 /* BoutonArrondi.swift */,
			);
			path = View;
			sourceTree = "<group>";
		};
		D0EAC93520ADA1FE0032B431 /* Model */ = {
			isa = PBXGroup;
			children = (
				D0EAC92520ADA1A60032B431 /* Repertoire_d_entreprise.xcdatamodeld */,
			);
			path = Model;
			sourceTree = "<group>";
		};
		D0EAC93620ADA2130032B431 /* Storyboard */ = {
			isa = PBXGroup;
			children = (
				D0EAC92A20ADA1A70032B431 /* LaunchScreen.storyboard */,
				D0EAC92220ADA1A60032B431 /* Main.storyboard */,
			);
			path = Storyboard;
			sourceTree = "<group>";
		};
/* End PBXGroup section */

/* Begin PBXNativeTarget section */
		D0EAC91A20ADA1A60032B431 /* Repertoire d'entreprise */ = {
			isa = PBXNativeTarget;
			buildConfigurationList = D0EAC93020ADA1A70032B431 /* Build configuration list for PBXNativeTarget "Repertoire d'entreprise" */;
			buildPhases = (
				D0EAC91720ADA1A60032B431 /* Sources */,
				D0EAC91820ADA1A60032B431 /* Frameworks */,
				D0EAC91920ADA1A60032B431 /* Resources */,
			);
			buildRules = (
			);
			dependencies = (
			);
			name = "Repertoire d'entreprise";
			productName = "Repertoire d'entreprise";
			productReference = D0EAC91B20ADA1A60032B431 /* Repertoire d'entreprise.app */;
			productType = "com.apple.product-type.application";
		};
/* End PBXNativeTarget section */

/* Begin PBXProject section */
		D0EAC91320ADA1A60032B431 /* Project object */ = {
			isa = PBXProject;
			attributes = {
				LastSwiftUpdateCheck = 0930;
				LastUpgradeCheck = 0930;
				ORGANIZATIONNAME = "Riad Korimbacus";
				TargetAttributes = {
					D0EAC91A20ADA1A60032B431 = {
						CreatedOnToolsVersion = 9.3;
					};
				};
			};
			buildConfigurationList = D0EAC91620ADA1A60032B431 /* Build configuration list for PBXProject "Repertoire d'entreprise" */;
			compatibilityVersion = "Xcode 9.3";
			developmentRegion = en;
			hasScannedForEncodings = 0;
			knownRegions = (
				en,
				Base,
			);
			mainGroup = D0EAC91220ADA1A60032B431;
			productRefGroup = D0EAC91C20ADA1A60032B431 /* Products */;
			projectDirPath = "";
			projectRoot = "";
			targets = (
				D0EAC91A20ADA1A60032B431 /* Repertoire d'entreprise */,
			);
		};
/* End PBXProject section */

/* Begin PBXResourcesBuildPhase section */
		D0EAC91920ADA1A60032B431 /* Resources */ = {
			isa = PBXResourcesBuildPhase;
			buildActionMask = 2147483647;
			files = (
				D0EAC92C20ADA1A70032B431 /* LaunchScreen.storyboard in Resources */,
				D0EAC92920ADA1A70032B431 /* Assets.xcassets in Resources */,
				D0EAC92420ADA1A60032B431 /* Main.storyboard in Resources */,
			);
			runOnlyForDeploymentPostprocessing = 0;
		};
/* End PBXResourcesBuildPhase section */

/* Begin PBXSourcesBuildPhase section */
		D0EAC91720ADA1A60032B431 /* Sources */ = {
			isa = PBXSourcesBuildPhase;
			buildActionMask = 2147483647;
			files = (
				D0EAC91F20ADA1A60032B431 /* AppDelegate.swift in Sources */,
				D0EAC93A20B4277F0032B431 /* ImageArrondie.swift in Sources */,
				D0EAC93820B420BB0032B431 /* AjoutController.swift in Sources */,
				D0EAC93C20B428AA0032B431 /* BoutonArrondi.swift in Sources */,
				D0EAC92720ADA1A60032B431 /* Repertoire_d_entreprise.xcdatamodeld in Sources */,
			);
			runOnlyForDeploymentPostprocessing = 0;
		};
/* End PBXSourcesBuildPhase section */

/* Begin PBXVariantGroup section */
		D0EAC92220ADA1A60032B431 /* Main.storyboard */ = {
			isa = PBXVariantGroup;
			children = (
				D0EAC92320ADA1A60032B431 /* Base */,
			);
			name = Main.storyboard;
			sourceTree = "<group>";
		};
		D0EAC92A20ADA1A70032B431 /* LaunchScreen.storyboard */ = {
			isa = PBXVariantGroup;
			children = (
				D0EAC92B20ADA1A70032B431 /* Base */,
			);
			name = LaunchScreen.storyboard;
			sourceTree = "<group>";
		};
/* End PBXVariantGroup section */

/* Begin XCBuildConfiguration section */
		D0EAC92E20ADA1A70032B431 /* Debug */ = {
			isa = XCBuildConfiguration;
			buildSettings = {
				ALWAYS_SEARCH_USER_PATHS = NO;
				CLANG_ANALYZER_NONNULL = YES;
				CLANG_ANALYZER_NUMBER_OBJECT_CONVERSION = YES_AGGRESSIVE;
				CLANG_CXX_LANGUAGE_STANDARD = "gnu++14";
				CLANG_CXX_LIBRARY = "libc++";
				CLANG_ENABLE_MODULES = YES;
				CLANG_ENABLE_OBJC_ARC = YES;
				CLANG_ENABLE_OBJC_WEAK = YES;
				CLANG_WARN_BLOCK_CAPTURE_AUTORELEASING = YES;
				CLANG_WARN_BOOL_CONVERSION = YES;
				CLANG_WARN_COMMA = YES;
				CLANG_WARN_CONSTANT_CONVERSION = YES;
				CLANG_WARN_DEPRECATED_OBJC_IMPLEMENTATIONS = YES;
				CLANG_WARN_DIRECT_OBJC_ISA_USAGE = YES_ERROR;
				CLANG_WARN_DOCUMENTATION_COMMENTS = YES;
				CLANG_WARN_EMPTY_BODY = YES;
				CLANG_WARN_ENUM_CONVERSION = YES;
				CLANG_WARN_INFINITE_RECURSION = YES;
				CLANG_WARN_INT_CONVERSION = YES;
				CLANG_WARN_NON_LITERAL_NULL_CONVERSION = YES;
				CLANG_WARN_OBJC_IMPLICIT_RETAIN_SELF = YES;
				CLANG_WARN_OBJC_LITERAL_CONVERSION = YES;
				CLANG_WARN_OBJC_ROOT_CLASS = YES_ERROR;
				CLANG_WARN_RANGE_LOOP_ANALYSIS = YES;
				CLANG_WARN_STRICT_PROTOTYPES = YES;
				CLANG_WARN_SUSPICIOUS_MOVE = YES;
				CLANG_WARN_UNGUARDED_AVAILABILITY = YES_AGGRESSIVE;
				CLANG_WARN_UNREACHABLE_CODE = YES;
				CLANG_WARN__DUPLICATE_METHOD_MATCH = YES;
				CODE_SIGN_IDENTITY = "iPhone Developer";
				COPY_PHASE_STRIP = NO;
				DEBUG_INFORMATION_FORMAT = dwarf;
				ENABLE_STRICT_OBJC_MSGSEND = YES;
				ENABLE_TESTABILITY = YES;
				GCC_C_LANGUAGE_STANDARD = gnu11;
				GCC_DYNAMIC_NO_PIC = NO;
				GCC_NO_COMMON_BLOCKS = YES;
				GCC_OPTIMIZATION_LEVEL = 0;
				GCC_PREPROCESSOR_DEFINITIONS = (
					"DEBUG=1",
					"$(inherited)",
				);
				GCC_WARN_64_TO_32_BIT_CONVERSION = YES;
				GCC_WARN_ABOUT_RETURN_TYPE = YES_ERROR;
				GCC_WARN_UNDECLARED_SELECTOR = YES;
				GCC_WARN_UNINITIALIZED_AUTOS = YES_AGGRESSIVE;
				GCC_WARN_UNUSED_FUNCTION = YES;
				GCC_WARN_UNUSED_VARIABLE = YES;
				IPHONEOS_DEPLOYMENT_TARGET = 11.3;
				MTL_ENABLE_DEBUG_INFO = YES;
				ONLY_ACTIVE_ARCH = YES;
				SDKROOT = iphoneos;
				SWIFT_ACTIVE_COMPILATION_CONDITIONS = DEBUG;
				SWIFT_OPTIMIZATION_LEVEL = "-Onone";
			};
			name = Debug;
		};
		D0EAC92F20ADA1A70032B431 /* Release */ = {
			isa = XCBuildConfiguration;
			buildSettings = {
				ALWAYS_SEARCH_USER_PATHS = NO;
				CLANG_ANALYZER_NONNULL = YES;
				CLANG_ANALYZER_NUMBER_OBJECT_CONVERSION = YES_AGGRESSIVE;
				CLANG_CXX_LANGUAGE_STANDARD = "gnu++14";
				CLANG_CXX_LIBRARY = "libc++";
				CLANG_ENABLE_MODULES = YES;
				CLANG_ENABLE_OBJC_ARC = YES;
				CLANG_ENABLE_OBJC_WEAK = YES;
				CLANG_WARN_BLOCK_CAPTURE_AUTORELEASING = YES;
				CLANG_WARN_BOOL_CONVERSION = YES;
				CLANG_WARN_COMMA = YES;
				CLANG_WARN_CONSTANT_CONVERSION = YES;
				CLANG_WARN_DEPRECATED_OBJC_IMPLEMENTATIONS = YES;
				CLANG_WARN_DIRECT_OBJC_ISA_USAGE = YES_ERROR;
				CLANG_WARN_DOCUMENTATION_COMMENTS = YES;
				CLANG_WARN_EMPTY_BODY = YES;
				CLANG_WARN_ENUM_CONVERSION = YES;
				CLANG_WARN_INFINITE_RECURSION = YES;
				CLANG_WARN_INT_CONVERSION = YES;
				CLANG_WARN_NON_LITERAL_NULL_CONVERSION = YES;
				CLANG_WARN_OBJC_IMPLICIT_RETAIN_SELF = YES;
				CLANG_WARN_OBJC_LITERAL_CONVERSION = YES;
				CLANG_WARN_OBJC_ROOT_CLASS = YES_ERROR;
				CLANG_WARN_RANGE_LOOP_ANALYSIS = YES;
				CLANG_WARN_STRICT_PROTOTYPES = YES;
				CLANG_WARN_SUSPICIOUS_MOVE = YES;
				CLANG_WARN_UNGUARDED_AVAILABILITY = YES_AGGRESSIVE;
				CLANG_WARN_UNREACHABLE_CODE = YES;
				CLANG_WARN__DUPLICATE_METHOD_MATCH = YES;
				CODE_SIGN_IDENTITY = "iPhone Developer";
				COPY_PHASE_STRIP = NO;
				DEBUG_INFORMATION_FORMAT = "dwarf-with-dsym";
				ENABLE_NS_ASSERTIONS = NO;
				ENABLE_STRICT_OBJC_MSGSEND = YES;
				GCC_C_LANGUAGE_STANDARD = gnu11;
				GCC_NO_COMMON_BLOCKS = YES;
				GCC_WARN_64_TO_32_BIT_CONVERSION = YES;
				GCC_WARN_ABOUT_RETURN_TYPE = YES_ERROR;
				GCC_WARN_UNDECLARED_SELECTOR = YES;
				GCC_WARN_UNINITIALIZED_AUTOS = YES_AGGRESSIVE;
				GCC_WARN_UNUSED_FUNCTION = YES;
				GCC_WARN_UNUSED_VARIABLE = YES;
				IPHONEOS_DEPLOYMENT_TARGET = 11.3;
				MTL_ENABLE_DEBUG_INFO = NO;
				SDKROOT = iphoneos;
				SWIFT_COMPILATION_MODE = wholemodule;
				SWIFT_OPTIMIZATION_LEVEL = "-O";
				VALIDATE_PRODUCT = YES;
			};
			name = Release;
		};
		D0EAC93120ADA1A70032B431 /* Debug */ = {
			isa = XCBuildConfiguration;
			buildSettings = {
				ASSETCATALOG_COMPILER_APPICON_NAME = AppIcon;
				CODE_SIGN_STYLE = Automatic;
				DEVELOPMENT_TEAM = H33FT7525R;
				INFOPLIST_FILE = "Repertoire d'entreprise/Info.plist";
				LD_RUNPATH_SEARCH_PATHS = (
					"$(inherited)",
					"@executable_path/Frameworks",
				);
				PRODUCT_BUNDLE_IDENTIFIER = "TT.Repertoire-d-entreprise";
				PRODUCT_NAME = "$(TARGET_NAME)";
				SWIFT_VERSION = 4.0;
				TARGETED_DEVICE_FAMILY = 1;
			};
			name = Debug;
		};
		D0EAC93220ADA1A70032B431 /* Release */ = {
			isa = XCBuildConfiguration;
			buildSettings = {
				ASSETCATALOG_COMPILER_APPICON_NAME = AppIcon;
				CODE_SIGN_STYLE = Automatic;
				DEVELOPMENT_TEAM = H33FT7525R;
				INFOPLIST_FILE = "Repertoire d'entreprise/Info.plist";
				LD_RUNPATH_SEARCH_PATHS = (
					"$(inherited)",
					"@executable_path/Frameworks",
				);
				PRODUCT_BUNDLE_IDENTIFIER = "TT.Repertoire-d-entreprise";
				PRODUCT_NAME = "$(TARGET_NAME)";
				SWIFT_VERSION = 4.0;
				TARGETED_DEVICE_FAMILY = 1;
			};
			name = Release;
		};
/* End XCBuildConfiguration section */

/* Begin XCConfigurationList section */
		D0EAC91620ADA1A60032B431 /* Build configuration list for PBXProject "Repertoire d'entreprise" */ = {
			isa = XCConfigurationList;
			buildConfigurations = (
				D0EAC92E20ADA1A70032B431 /* Debug */,
				D0EAC92F20ADA1A70032B431 /* Release */,
			);
			defaultConfigurationIsVisible = 0;
			defaultConfigurationName = Release;
		};
		D0EAC93020ADA1A70032B431 /* Build configuration list for PBXNativeTarget "Repertoire d'entreprise" */ = {
			isa = XCConfigurationList;
			buildConfigurations = (
				D0EAC93120ADA1A70032B431 /* Debug */,
				D0EAC93220ADA1A70032B431 /* Release */,
			);
			defaultConfigurationIsVisible = 0;
			defaultConfigurationName = Release;
		};
/* End XCConfigurationList section */

/* Begin XCVersionGroup section */
		D0EAC92520ADA1A60032B431 /* Repertoire_d_entreprise.xcdatamodeld */ = {
			isa = XCVersionGroup;
			children = (
				D0EAC92620ADA1A60032B431 /* Repertoire_d_entreprise.xcdatamodel */,
			);
			currentVersion = D0EAC92620ADA1A60032B431 /* Repertoire_d_entreprise.xcdatamodel */;
			path = Repertoire_d_entreprise.xcdatamodeld;
			sourceTree = "<group>";
			versionGroupType = wrapper.xcdatamodel;
		};
/* End XCVersionGroup section */
	};
	rootObject = D0EAC91320ADA1A60032B431 /* Project object */;
}
